#MicroXplorer Configuration settings - do not modify
CAD.formats=
CAD.pinconfig=
CAD.provider=
Dma.I2C2_RX.0.Direction=DMA_PERIPH_TO_MEMORY
Dma.I2C2_RX.0.EventEnable=DISABLE
Dma.I2C2_RX.0.Instance=DMA1_Channel3
Dma.I2C2_RX.0.MemDataAlignment=DMA_MDATAALIGN_BYTE
Dma.I2C2_RX.0.MemInc=DMA_MINC_ENABLE
Dma.I2C2_RX.0.Mode=DMA_NORMAL
Dma.I2C2_RX.0.PeriphDataAlignment=DMA_PDATAALIGN_BYTE
Dma.I2C2_RX.0.PeriphInc=DMA_PINC_DISABLE
Dma.I2C2_RX.0.Polarity=HAL_DMAMUX_REQ_GEN_RISING
Dma.I2C2_RX.0.Priority=DMA_PRIORITY_LOW
Dma.I2C2_RX.0.RequestNumber=1
Dma.I2C2_RX.0.RequestParameters=Instance,Direction,PeriphInc,MemInc,PeriphDataAlignment,MemDataAlignment,Mode,Priority,SignalID,Polarity,RequestNumber,SyncSignalID,SyncPolarity,SyncEnable,EventEnable,SyncRequestNumber
Dma.I2C2_RX.0.SignalID=NONE
Dma.I2C2_RX.0.SyncEnable=DISABLE
Dma.I2C2_RX.0.SyncPolarity=HAL_DMAMUX_SYNC_NO_EVENT
Dma.I2C2_RX.0.SyncRequestNumber=1
Dma.I2C2_RX.0.SyncSignalID=NONE
Dma.I2C2_TX.1.Direction=DMA_MEMORY_TO_PERIPH
Dma.I2C2_TX.1.EventEnable=DISABLE
Dma.I2C2_TX.1.Instance=DMA1_Channel4
Dma.I2C2_TX.1.MemDataAlignment=DMA_MDATAALIGN_BYTE
Dma.I2C2_TX.1.MemInc=DMA_MINC_ENABLE
Dma.I2C2_TX.1.Mode=DMA_NORMAL
Dma.I2C2_TX.1.PeriphDataAlignment=DMA_PDATAALIGN_BYTE
Dma.I2C2_TX.1.PeriphInc=DMA_PINC_DISABLE
Dma.I2C2_TX.1.Polarity=HAL_DMAMUX_REQ_GEN_RISING
Dma.I2C2_TX.1.Priority=DMA_PRIORITY_LOW
Dma.I2C2_TX.1.RequestNumber=1
Dma.I2C2_TX.1.RequestParameters=Instance,Direction,PeriphInc,MemInc,PeriphDataAlignment,MemDataAlignment,Mode,Priority,SignalID,Polarity,RequestNumber,SyncSignalID,SyncPolarity,SyncEnable,EventEnable,SyncRequestNumber
Dma.I2C2_TX.1.SignalID=NONE
Dma.I2C2_TX.1.SyncEnable=DISABLE
Dma.I2C2_TX.1.SyncPolarity=HAL_DMAMUX_SYNC_NO_EVENT
Dma.I2C2_TX.1.SyncRequestNumber=1
Dma.I2C2_TX.1.SyncSignalID=NONE
Dma.Request0=I2C2_RX
Dma.Request1=I2C2_TX
Dma.Request2=TIM16_CH1
Dma.Request3=USART2_RX
Dma.Request4=USART2_TX
Dma.Request5=SPI2_RX
Dma.Request6=SPI2_TX
Dma.RequestsNb=7
Dma.SPI2_RX.5.Direction=DMA_PERIPH_TO_MEMORY
Dma.SPI2_RX.5.EventEnable=DISABLE
Dma.SPI2_RX.5.Instance=DMA1_Channel1
Dma.SPI2_RX.5.MemDataAlignment=DMA_MDATAALIGN_BYTE
Dma.SPI2_RX.5.MemInc=DMA_MINC_ENABLE
Dma.SPI2_RX.5.Mode=DMA_NORMAL
Dma.SPI2_RX.5.PeriphDataAlignment=DMA_PDATAALIGN_BYTE
Dma.SPI2_RX.5.PeriphInc=DMA_PINC_DISABLE
Dma.SPI2_RX.5.Polarity=HAL_DMAMUX_REQ_GEN_RISING
Dma.SPI2_RX.5.Priority=DMA_PRIORITY_VERY_HIGH
Dma.SPI2_RX.5.RequestNumber=1
Dma.SPI2_RX.5.RequestParameters=Instance,Direction,PeriphInc,MemInc,PeriphDataAlignment,MemDataAlignment,Mode,Priority,SignalID,Polarity,RequestNumber,SyncSignalID,SyncPolarity,SyncEnable,EventEnable,SyncRequestNumber
Dma.SPI2_RX.5.SignalID=NONE
Dma.SPI2_RX.5.SyncEnable=DISABLE
Dma.SPI2_RX.5.SyncPolarity=HAL_DMAMUX_SYNC_NO_EVENT
Dma.SPI2_RX.5.SyncRequestNumber=1
Dma.SPI2_RX.5.SyncSignalID=NONE
Dma.SPI2_TX.6.Direction=DMA_MEMORY_TO_PERIPH
Dma.SPI2_TX.6.EventEnable=DISABLE
Dma.SPI2_TX.6.Instance=DMA1_Channel2
Dma.SPI2_TX.6.MemDataAlignment=DMA_MDATAALIGN_BYTE
Dma.SPI2_TX.6.MemInc=DMA_MINC_ENABLE
Dma.SPI2_TX.6.Mode=DMA_NORMAL
Dma.SPI2_TX.6.PeriphDataAlignment=DMA_PDATAALIGN_BYTE
Dma.SPI2_TX.6.PeriphInc=DMA_PINC_DISABLE
Dma.SPI2_TX.6.Polarity=HAL_DMAMUX_REQ_GEN_RISING
Dma.SPI2_TX.6.Priority=DMA_PRIORITY_VERY_HIGH
Dma.SPI2_TX.6.RequestNumber=1
Dma.SPI2_TX.6.RequestParameters=Instance,Direction,PeriphInc,MemInc,PeriphDataAlignment,MemDataAlignment,Mode,Priority,SignalID,Polarity,RequestNumber,SyncSignalID,SyncPolarity,SyncEnable,EventEnable,SyncRequestNumber
Dma.SPI2_TX.6.SignalID=NONE
Dma.SPI2_TX.6.SyncEnable=DISABLE
Dma.SPI2_TX.6.SyncPolarity=HAL_DMAMUX_SYNC_NO_EVENT
Dma.SPI2_TX.6.SyncRequestNumber=1
Dma.SPI2_TX.6.SyncSignalID=NONE
Dma.TIM16_CH1.2.Direction=DMA_MEMORY_TO_PERIPH
Dma.TIM16_CH1.2.EventEnable=DISABLE
Dma.TIM16_CH1.2.Instance=DMA1_Channel7
Dma.TIM16_CH1.2.MemDataAlignment=DMA_MDATAALIGN_HALFWORD
Dma.TIM16_CH1.2.MemInc=DMA_MINC_ENABLE
Dma.TIM16_CH1.2.Mode=DMA_CIRCULAR
Dma.TIM16_CH1.2.PeriphDataAlignment=DMA_PDATAALIGN_HALFWORD
Dma.TIM16_CH1.2.PeriphInc=DMA_PINC_DISABLE
Dma.TIM16_CH1.2.Polarity=HAL_DMAMUX_REQ_GEN_RISING
Dma.TIM16_CH1.2.Priority=DMA_PRIORITY_LOW
Dma.TIM16_CH1.2.RequestNumber=1
Dma.TIM16_CH1.2.RequestParameters=Instance,Direction,PeriphInc,MemInc,PeriphDataAlignment,MemDataAlignment,Mode,Priority,SignalID,Polarity,RequestNumber,SyncSignalID,SyncPolarity,SyncEnable,EventEnable,SyncRequestNumber
Dma.TIM16_CH1.2.SignalID=NONE
Dma.TIM16_CH1.2.SyncEnable=DISABLE
Dma.TIM16_CH1.2.SyncPolarity=HAL_DMAMUX_SYNC_NO_EVENT
Dma.TIM16_CH1.2.SyncRequestNumber=1
Dma.TIM16_CH1.2.SyncSignalID=NONE
Dma.USART2_RX.3.Direction=DMA_PERIPH_TO_MEMORY
Dma.USART2_RX.3.EventEnable=DISABLE
Dma.USART2_RX.3.Instance=DMA1_Channel5
Dma.USART2_RX.3.MemDataAlignment=DMA_MDATAALIGN_BYTE
Dma.USART2_RX.3.MemInc=DMA_MINC_ENABLE
Dma.USART2_RX.3.Mode=DMA_NORMAL
Dma.USART2_RX.3.PeriphDataAlignment=DMA_PDATAALIGN_BYTE
Dma.USART2_RX.3.PeriphInc=DMA_PINC_DISABLE
Dma.USART2_RX.3.Polarity=HAL_DMAMUX_REQ_GEN_RISING
Dma.USART2_RX.3.Priority=DMA_PRIORITY_VERY_HIGH
Dma.USART2_RX.3.RequestNumber=1
Dma.USART2_RX.3.RequestParameters=Instance,Direction,PeriphInc,MemInc,PeriphDataAlignment,MemDataAlignment,Mode,Priority,SignalID,Polarity,RequestNumber,SyncSignalID,SyncPolarity,SyncEnable,EventEnable,SyncRequestNumber
Dma.USART2_RX.3.SignalID=NONE
Dma.USART2_RX.3.SyncEnable=DISABLE
Dma.USART2_RX.3.SyncPolarity=HAL_DMAMUX_SYNC_NO_EVENT
Dma.USART2_RX.3.SyncRequestNumber=1
Dma.USART2_RX.3.SyncSignalID=NONE
Dma.USART2_TX.4.Direction=DMA_MEMORY_TO_PERIPH
Dma.USART2_TX.4.EventEnable=DISABLE
Dma.USART2_TX.4.Instance=DMA1_Channel6
Dma.USART2_TX.4.MemDataAlignment=DMA_MDATAALIGN_BYTE
Dma.USART2_TX.4.MemInc=DMA_MINC_ENABLE
Dma.USART2_TX.4.Mode=DMA_NORMAL
Dma.USART2_TX.4.PeriphDataAlignment=DMA_PDATAALIGN_BYTE
Dma.USART2_TX.4.PeriphInc=DMA_PINC_DISABLE
Dma.USART2_TX.4.Polarity=HAL_DMAMUX_REQ_GEN_RISING
Dma.USART2_TX.4.Priority=DMA_PRIORITY_VERY_HIGH
Dma.USART2_TX.4.RequestNumber=1
Dma.USART2_TX.4.RequestParameters=Instance,Direction,PeriphInc,MemInc,PeriphDataAlignment,MemDataAlignment,Mode,Priority,SignalID,Polarity,RequestNumber,SyncSignalID,SyncPolarity,SyncEnable,EventEnable,SyncRequestNumber
Dma.USART2_TX.4.SignalID=NONE
Dma.USART2_TX.4.SyncEnable=DISABLE
Dma.USART2_TX.4.SyncPolarity=HAL_DMAMUX_SYNC_NO_EVENT
Dma.USART2_TX.4.SyncRequestNumber=1
Dma.USART2_TX.4.SyncSignalID=NONE
FREERTOS.FootprintOK=true
FREERTOS.IPParameters=Tasks01,configMINIMAL_STACK_SIZE,configTIMER_TASK_PRIORITY,configENABLE_FPU,FootprintOK,configRECORD_STACK_HIGH_ADDRESS,configGENERATE_RUN_TIME_STATS,configUSE_STATS_FORMATTING_FUNCTIONS,configUSE_CO_ROUTINES,configMAX_CO_ROUTINE_PRIORITIES,configUSE_TRACE_FACILITY,configUSE_OS2_THREAD_ENUMERATE,configTOTAL_HEAP_SIZE
FREERTOS.Tasks01=freertos_main,40,1024,freertos_main_Task,Default,NULL,Dynamic,NULL,NULL
FREERTOS.configENABLE_FPU=1
FREERTOS.configGENERATE_RUN_TIME_STATS=1
FREERTOS.configMAX_CO_ROUTINE_PRIORITIES=20
FREERTOS.configMINIMAL_STACK_SIZE=64
FREERTOS.configRECORD_STACK_HIGH_ADDRESS=1
FREERTOS.configTIMER_TASK_PRIORITY=55
FREERTOS.configTOTAL_HEAP_SIZE=23040
FREERTOS.configUSE_CO_ROUTINES=1
FREERTOS.configUSE_OS2_THREAD_ENUMERATE=1
FREERTOS.configUSE_STATS_FORMATTING_FUNCTIONS=1
FREERTOS.configUSE_TRACE_FACILITY=1
File.Version=6
GPIO.groupedBy=Group By Peripherals
I2C1.CustomTiming=Disabled
I2C1.IPParameters=CustomTiming,Timing,Speed
I2C1.Speed=10
I2C1.Timing=0xE011A8FF
I2C2.IPParameters=Timing
I2C2.Timing=0x10B17DB5
KeepUserPlacement=false
Mcu.CPN=STM32G070CBT6
Mcu.Family=STM32G0
Mcu.IP0=DMA
Mcu.IP1=FREERTOS
Mcu.IP10=TIM14
Mcu.IP11=TIM16
Mcu.IP12=TIM17
Mcu.IP13=USART1
Mcu.IP14=USART2
Mcu.IP2=I2C1
Mcu.IP3=I2C2
Mcu.IP4=NVIC
Mcu.IP5=RCC
Mcu.IP6=SPI1
Mcu.IP7=SPI2
Mcu.IP8=SYS
Mcu.IP9=TIM7
Mcu.IPNb=15
Mcu.Name=STM32G070CBTx
Mcu.Package=LQFP48
Mcu.Pin0=PC13
Mcu.Pin1=PC14-OSC32_IN (PC14)
Mcu.Pin10=PB1
Mcu.Pin11=PB2
Mcu.Pin12=PB10
Mcu.Pin13=PB11
Mcu.Pin14=PB12
Mcu.Pin15=PB13
Mcu.Pin16=PB14
Mcu.Pin17=PB15
Mcu.Pin18=PA8
Mcu.Pin19=PA9
Mcu.Pin2=PC15-OSC32_OUT (PC15)
Mcu.Pin20=PC6
Mcu.Pin21=PC7
Mcu.Pin22=PA10
Mcu.Pin23=PA11 [PA9]
Mcu.Pin24=PA12 [PA10]
Mcu.Pin25=PA13
Mcu.Pin26=PA14-BOOT0
Mcu.Pin27=PA15
Mcu.Pin28=PD0
Mcu.Pin29=PD3
Mcu.Pin3=PF0-OSC_IN (PF0)
Mcu.Pin30=PB3
Mcu.Pin31=PB5
Mcu.Pin32=PB6
Mcu.Pin33=PB7
Mcu.Pin34=PB8
Mcu.Pin35=PB9
Mcu.Pin36=VP_FREERTOS_VS_CMSIS_V2
Mcu.Pin37=VP_SYS_VS_tim6
Mcu.Pin38=VP_SYS_VS_DBSignals
Mcu.Pin39=VP_TIM7_VS_ClockSourceINT
Mcu.Pin4=PF1-OSC_OUT (PF1)
Mcu.Pin40=VP_TIM14_VS_ClockSourceINT
Mcu.Pin41=VP_TIM16_VS_ClockSourceINT
Mcu.Pin42=VP_TIM17_VS_ClockSourceINT
Mcu.Pin5=PA1
Mcu.Pin6=PA2
Mcu.Pin7=PA3
Mcu.Pin8=PA4
Mcu.Pin9=PA6
Mcu.PinsNb=43
Mcu.ThirdPartyNb=0
Mcu.UserConstants=
Mcu.UserName=STM32G070CBTx
MxCube.Version=6.17.0
MxDb.Version=DB.6.0.170
NVIC.DMA1_Ch4_7_DMAMUX1_OVR_IRQn=true\:3\:0\:false\:false\:true\:false\:false\:true\:true
NVIC.DMA1_Channel1_IRQn=true\:3\:0\:false\:false\:true\:true\:true\:true\:true
NVIC.DMA1_Channel2_3_IRQn=true\:3\:0\:true\:false\:true\:true\:false\:true\:true
NVIC.EXTI2_3_IRQn=true\:3\:0\:false\:false\:true\:true\:true\:true\:true
NVIC.EXTI4_15_IRQn=true\:3\:0\:true\:false\:true\:true\:true\:true\:true
NVIC.ForceEnableDMAVector=true
NVIC.HardFault_IRQn=true\:0\:0\:false\:false\:true\:false\:false\:false\:false
NVIC.I2C1_IRQn=true\:3\:0\:false\:false\:true\:true\:true\:true\:true
NVIC.I2C2_IRQn=true\:3\:0\:false\:false\:true\:true\:true\:true\:true
NVIC.NonMaskableInt_IRQn=true\:0\:0\:false\:false\:true\:false\:false\:true\:false
NVIC.PendSV_IRQn=true\:3\:0\:false\:false\:false\:true\:false\:false\:false
NVIC.SPI1_IRQn=true\:3\:0\:true\:false\:true\:false\:true\:true\:true
NVIC.SPI2_IRQn=true\:3\:0\:false\:false\:true\:true\:true\:true\:true
NVIC.SVC_IRQn=true\:0\:0\:false\:false\:false\:false\:false\:false\:true
NVIC.SavedPendsvIrqHandlerGenerated=true
NVIC.SavedSvcallIrqHandlerGenerated=true
NVIC.SavedSystickIrqHandlerGenerated=true
NVIC.SysTick_IRQn=true\:3\:0\:true\:false\:false\:true\:false\:true\:false
NVIC.TIM14_IRQn=true\:3\:0\:false\:false\:true\:true\:true\:true\:true
NVIC.TIM16_IRQn=true\:3\:0\:false\:false\:true\:true\:true\:true\:true
NVIC.TIM17_IRQn=true\:3\:0\:false\:false\:true\:true\:true\:true\:true
NVIC.TIM6_IRQn=true\:3\:0\:true\:false\:true\:false\:true\:true\:true
NVIC.TIM7_IRQn=true\:3\:0\:false\:false\:true\:true\:true\:true\:true
NVIC.TimeBase=TIM6_IRQn
NVIC.TimeBaseIP=TIM6
NVIC.USART2_IRQn=true\:0\:0\:true\:false\:true\:false\:true\:true\:true
PA1.GPIOParameters=GPIO_Speed,PinState,GPIO_PuPd,GPIO_Label,GPIO_ModeDefaultOutputPP
PA1.GPIO_Label=WS2812_PW
PA1.GPIO_ModeDefaultOutputPP=GPIO_MODE_OUTPUT_PP
PA1.GPIO_PuPd=GPIO_PULLDOWN
PA1.GPIO_Speed=GPIO_SPEED_FREQ_LOW
PA1.Locked=true
PA1.PinState=GPIO_PIN_SET
PA1.Signal=GPIO_Output
PA10.GPIOParameters=GPIO_FMPA10,PinState,GPIO_PuPd,GPIO_Label,GPIO_ModeDefaultOutputPP
PA10.GPIO_FMPA10=__NULL
PA10.GPIO_Label=LCD_PW
PA10.GPIO_ModeDefaultOutputPP=GPIO_MODE_OUTPUT_OD
PA10.GPIO_PuPd=GPIO_NOPULL
PA10.Locked=true
PA10.PinState=GPIO_PIN_RESET
PA10.Signal=GPIO_Output
PA11\ [PA9].GPIOParameters=GPIO_Label
PA11\ [PA9].GPIO_Label=TMC_SDO
PA11\ [PA9].Locked=true
PA11\ [PA9].Mode=Full_Duplex_Master
PA11\ [PA9].Signal=SPI1_MISO
PA12\ [PA10].GPIOParameters=GPIO_Label
PA12\ [PA10].GPIO_Label=TMC_SDI
PA12\ [PA10].Locked=true
PA12\ [PA10].Mode=Full_Duplex_Master
PA12\ [PA10].Signal=SPI1_MOSI
PA13.Locked=true
PA13.Mode=Serial_Wire
PA13.Signal=SYS_SWDIO
PA14-BOOT0.Mode=Serial_Wire
PA14-BOOT0.Signal=SYS_SWCLK
PA15.GPIOParameters=PinState,GPIO_Label
PA15.GPIO_Label=TMC_CSN
PA15.Locked=true
PA15.PinState=GPIO_PIN_SET
PA15.Signal=GPIO_Output
PA2.GPIOParameters=GPIO_PuPd
PA2.GPIO_PuPd=GPIO_NOPULL
PA2.Locked=true
PA2.Mode=Asynchronous
PA2.Signal=USART2_TX
PA3.GPIOParameters=GPIO_PuPd
PA3.GPIO_PuPd=GPIO_PULLUP
PA3.Locked=true
PA3.Mode=Asynchronous
PA3.Signal=USART2_RX
PA4.GPIOParameters=GPIO_PuPd,GPIO_Label,GPIO_ModeDefaultEXTI
PA4.GPIO_Label=PWR_SENSE
PA4.GPIO_ModeDefaultEXTI=GPIO_MODE_IT_RISING
PA4.GPIO_PuPd=GPIO_PULLDOWN
PA4.Locked=true
PA4.Signal=GPXTI4
PA6.GPIOParameters=GPIO_Speed,GPIO_Label
PA6.GPIO_Label=WS2812B
PA6.GPIO_Speed=GPIO_SPEED_FREQ_VERY_HIGH
PA6.Locked=true
PA6.Signal=S_TIM16_CH1
PA8.GPIOParameters=GPIO_Speed,GPIO_PuPd,GPIO_Label,GPIO_ModeDefaultOutputPP
PA8.GPIO_Label=EE_SDA
PA8.GPIO_ModeDefaultOutputPP=GPIO_MODE_OUTPUT_OD
PA8.GPIO_PuPd=GPIO_NOPULL
PA8.GPIO_Speed=GPIO_SPEED_FREQ_VERY_HIGH
PA8.Locked=true
PA8.Signal=GPIO_Output
PA9.GPIOParameters=GPIO_Speed,GPIO_PuPd,GPIO_Label,GPIO_ModeDefaultOutputPP,GPIO_FMPA9
PA9.GPIO_FMPA9=SYSCFG_FASTMODEPLUS_PA9
PA9.GPIO_Label=EE_SCL
PA9.GPIO_ModeDefaultOutputPP=GPIO_MODE_OUTPUT_OD
PA9.GPIO_PuPd=GPIO_NOPULL
PA9.GPIO_Speed=GPIO_SPEED_FREQ_VERY_HIGH
PA9.Locked=true
PA9.Signal=GPIO_Output
PB1.GPIOParameters=GPIO_Label
PB1.GPIO_Label=HEAT_CTRL
PB1.Locked=true
PB1.Signal=S_TIM14_CH1
PB10.GPIOParameters=GPIO_Label,GPIO_Pu
PB10.GPIO_Label=EYE_SCL
PB10.GPIO_Pu=GPIO_PULLUP
PB10.Mode=I2C
PB10.Signal=I2C2_SCL
PB11.GPIOParameters=GPIO_Label,GPIO_Pu
PB11.GPIO_Label=EYE_SDA
PB11.GPIO_Pu=GPIO_PULLUP
PB11.Mode=I2C
PB11.Signal=I2C2_SDA
PB12.GPIOParameters=PinState,GPIO_PuPd,GPIO_Label
PB12.GPIO_Label=SPI2_CS
PB12.GPIO_PuPd=GPIO_PULLUP
PB12.Locked=true
PB12.PinState=GPIO_PIN_SET
PB12.Signal=GPIO_Output
PB13.GPIOParameters=GPIO_Label
PB13.GPIO_Label=SPI2_SCK
PB13.Locked=true
PB13.Mode=Full_Duplex_Master
PB13.Signal=SPI2_SCK
PB14.GPIOParameters=GPIO_Label
PB14.GPIO_Label=SPI2_MISO
PB14.Locked=true
PB14.Mode=Full_Duplex_Master
PB14.Signal=SPI2_MISO
PB15.GPIOParameters=GPIO_Label
PB15.GPIO_Label=SPI2_MOSI
PB15.Locked=true
PB15.Mode=Full_Duplex_Master
PB15.Signal=SPI2_MOSI
PB2.GPIOParameters=GPIO_Label,GPIO_ModeDefaultEXTI
PB2.GPIO_Label=SW_CNT
PB2.GPIO_ModeDefaultEXTI=GPIO_MODE_IT_FALLING
PB2.Locked=true
PB2.Signal=GPXTI2
PB3.GPIOParameters=GPIO_Label
PB3.GPIO_Label=TMC_SCK
PB3.Locked=true
PB3.Mode=Full_Duplex_Master
PB3.Signal=SPI1_SCK
PB5.GPIOParameters=GPIO_PuPd,GPIO_Label,GPIO_ModeDefaultEXTI
PB5.GPIO_Label=CHG_INT
PB5.GPIO_ModeDefaultEXTI=GPIO_MODE_IT_FALLING
PB5.GPIO_PuPd=GPIO_PULLUP
PB5.Locked=true
PB5.Signal=GPXTI5
PB6.Locked=true
PB6.Mode=Asynchronous
PB6.Signal=USART1_TX
PB7.Locked=true
PB7.Mode=Asynchronous
PB7.Signal=USART1_RX
PB8.GPIOParameters=GPIO_Label
PB8.GPIO_Label=CHG_SCL
PB8.Locked=true
PB8.Mode=I2C
PB8.Signal=I2C1_SCL
PB9.GPIOParameters=GPIO_Label
PB9.GPIO_Label=CHG_SDA
PB9.Locked=true
PB9.Mode=I2C
PB9.Signal=I2C1_SDA
PC13.GPIOParameters=GPIO_Label
PC13.GPIO_Label=CHG_QON
PC13.Locked=true
PC13.Signal=GPIO_Output
PC14-OSC32_IN\ (PC14).Mode=LSE-External-Oscillator
PC14-OSC32_IN\ (PC14).Signal=RCC_OSC32_IN
PC15-OSC32_OUT\ (PC15).Mode=LSE-External-Oscillator
PC15-OSC32_OUT\ (PC15).Signal=RCC_OSC32_OUT
PC6.GPIOParameters=PinState,GPIO_Label
PC6.GPIO_Label=LED0
PC6.Locked=true
PC6.PinState=GPIO_PIN_SET
PC6.Signal=GPIO_Output
PC7.GPIOParameters=GPIO_Label
PC7.GPIO_Label=ADS1220_DRDY
PC7.Locked=true
PC7.Signal=GPIO_Input
PCC.Checker=false
PCC.Display=Plot\: All Steps
PCC.Line=STM32G0x0 Value line
PCC.MCU=STM32G070CBTx
PCC.PartNumber=STM32G070CBTx
PCC.Series=STM32G0
PCC.Temperature=25
PCC.Vdd=3.0
PD0.GPIOParameters=PinState,GPIO_Label
PD0.GPIO_Label=TMC_ENN
PD0.Locked=true
PD0.PinState=GPIO_PIN_SET
PD0.Signal=GPIO_Output
PD3.GPIOParameters=PinState,GPIO_PuPd,GPIO_Label
PD3.GPIO_Label=CHG_CE
PD3.GPIO_PuPd=GPIO_NOPULL
PD3.Locked=true
PD3.PinState=GPIO_PIN_SET
PD3.Signal=GPIO_Output
PF0-OSC_IN\ (PF0).Locked=true
PF0-OSC_IN\ (PF0).Mode=HSE-External-Oscillator
PF0-OSC_IN\ (PF0).Signal=RCC_OSC_IN
PF1-OSC_OUT\ (PF1).Locked=true
PF1-OSC_OUT\ (PF1).Mode=HSE-External-Oscillator
PF1-OSC_OUT\ (PF1).Signal=RCC_OSC_OUT
PinOutPanel.RotationAngle=-90
ProjectManager.AskForMigrate=true
ProjectManager.BackupPrevious=false
ProjectManager.CompilerLinker=GCC
ProjectManager.CompilerOptimize=6
ProjectManager.ComputerToolchain=false
ProjectManager.CoupleFile=true
ProjectManager.CustomerFirmwarePackage=
ProjectManager.DefaultFWLocation=true
ProjectManager.DeletePrevious=true
ProjectManager.DeviceId=STM32G070CBTx
ProjectManager.FirmwarePackage=STM32Cube FW_G0 V1.6.3
ProjectManager.FreePins=false
ProjectManager.FreePinsContext=
ProjectManager.HalAssertFull=false
ProjectManager.HeapSize=0x200
ProjectManager.KeepUserCode=true
ProjectManager.LastFirmware=true
ProjectManager.LibraryCopy=1
ProjectManager.MainLocation=Core/Src
ProjectManager.NoMain=false
ProjectManager.PreviousToolchain=STM32CubeIDE
ProjectManager.ProjectBuild=false
ProjectManager.ProjectFileName=9C-HTP100-main.ioc
ProjectManager.ProjectName=9C-HTP100-main
ProjectManager.ProjectStructure=
ProjectManager.RegisterCallBack=
ProjectManager.StackSize=0x400
ProjectManager.TargetToolchain=CMake
ProjectManager.ToolChainLocation=
ProjectManager.UAScriptAfterPath=
ProjectManager.UAScriptBeforePath=
ProjectManager.UnderRoot=false
ProjectManager.functionlistsort=1-SystemClock_Config-RCC-false-HAL-false,2-MX_GPIO_Init-GPIO-false-HAL-true,3-MX_DMA_Init-DMA-false-HAL-true,4-MX_I2C1_Init-I2C1-false-HAL-true,5-MX_I2C2_Init-I2C2-false-HAL-true,6-MX_SPI1_Init-SPI1-false-HAL-true,7-MX_TIM14_Init-TIM14-false-HAL-true,8-MX_TIM16_Init-TIM16-false-HAL-true,9-MX_TIM17_Init-TIM17-false-HAL-true,10-MX_SPI2_Init-SPI2-false-HAL-true,11-MX_USART2_UART_Init-USART2-false-HAL-true,12-MX_TIM7_Init-TIM7-false-HAL-true,13-MX_USART1_UART_Init-USART1-false-HAL-true
RCC.ADCFreq_Value=64000000
RCC.AHBFreq_Value=64000000
RCC.APBFreq_Value=64000000
RCC.APBTimFreq_Value=64000000
RCC.CortexFreq_Value=64000000
RCC.EXTERNAL_CLOCK_VALUE=48000
RCC.EnbaleCSS=true
RCC.FCLKCortexFreq_Value=64000000
RCC.FamilyName=M
RCC.HCLKFreq_Value=64000000
RCC.HSE_VALUE=16000000
RCC.HSI_VALUE=16000000
RCC.I2C1Freq_Value=64000000
RCC.I2S1Freq_Value=64000000
RCC.IPParameters=ADCFreq_Value,AHBFreq_Value,APBFreq_Value,APBTimFreq_Value,CortexFreq_Value,EXTERNAL_CLOCK_VALUE,EnbaleCSS,FCLKCortexFreq_Value,FamilyName,HCLKFreq_Value,HSE_VALUE,HSI_VALUE,I2C1Freq_Value,I2S1Freq_Value,LSCOPinFreq_Value,LSI_VALUE,MCO1PinFreq_Value,PLLP,PLLPoutputFreq_Value,PLLRCLKFreq_Value,PLLSourceVirtual,PWRFreq_Value,SYSCLKFreq_VALUE,SYSCLKSource,USART1Freq_Value,USART2Freq_Value,VCOInputFreq_Value,VCOOutputFreq_Value,VDD_VALUE
RCC.LSCOPinFreq_Value=32000
RCC.LSI_VALUE=32000
RCC.MCO1PinFreq_Value=64000000
RCC.PLLP=RCC_PLLP_DIV4
RCC.PLLPoutputFreq_Value=32000000
RCC.PLLRCLKFreq_Value=64000000
RCC.PLLSourceVirtual=RCC_PLLSOURCE_HSE
RCC.PWRFreq_Value=64000000
RCC.SYSCLKFreq_VALUE=64000000
RCC.SYSCLKSource=RCC_SYSCLKSOURCE_PLLCLK
RCC.USART1Freq_Value=64000000
RCC.USART2Freq_Value=64000000
RCC.VCOInputFreq_Value=16000000
RCC.VCOOutputFreq_Value=128000000
RCC.VDD_VALUE=3.3
SH.GPXTI2.0=GPIO_EXTI2
SH.GPXTI2.ConfNb=1
SH.GPXTI4.0=GPIO_EXTI4
SH.GPXTI4.ConfNb=1
SH.GPXTI5.0=GPIO_EXTI5
SH.GPXTI5.ConfNb=1
SH.S_TIM14_CH1.0=TIM14_CH1,PWM Generation1 CH1
SH.S_TIM14_CH1.ConfNb=1
SH.S_TIM16_CH1.0=TIM16_CH1,PWM Generation1 CH1
SH.S_TIM16_CH1.ConfNb=1
SPI1.BaudRatePrescaler=SPI_BAUDRATEPRESCALER_16
SPI1.CLKPhase=SPI_PHASE_2EDGE
SPI1.CLKPolarity=SPI_POLARITY_HIGH
SPI1.CalculateBaudRate=4.0 MBits/s
SPI1.DataSize=SPI_DATASIZE_8BIT
SPI1.Direction=SPI_DIRECTION_2LINES
SPI1.IPParameters=VirtualType,Mode,Direction,CalculateBaudRate,DataSize,BaudRatePrescaler,CLKPolarity,CLKPhase
SPI1.Mode=SPI_MODE_MASTER
SPI1.VirtualType=VM_MASTER
SPI2.BaudRatePrescaler=SPI_BAUDRATEPRESCALER_16
SPI2.CLKPhase=SPI_PHASE_2EDGE
SPI2.CalculateBaudRate=4.0 MBits/s
SPI2.DataSize=SPI_DATASIZE_8BIT
SPI2.Direction=SPI_DIRECTION_2LINES
SPI2.IPParameters=VirtualType,Mode,Direction,CalculateBaudRate,BaudRatePrescaler,DataSize,CLKPhase
SPI2.Mode=SPI_MODE_MASTER
SPI2.VirtualType=VM_MASTER
TIM14.Channel=TIM_CHANNEL_1
TIM14.IPParameters=Channel,Prescaler,Period
TIM14.Period=255
TIM14.Prescaler=63
TIM16.AutoReloadPreload=TIM_AUTORELOAD_PRELOAD_DISABLE
TIM16.Channel=TIM_CHANNEL_1
TIM16.IPParameters=Prescaler,Period,Channel,AutoReloadPreload
TIM16.Period=80
TIM16.Prescaler=0
TIM17.IPParameters=Prescaler,Period
TIM17.Period=999
TIM17.Prescaler=63
TIM7.IPParameters=Prescaler
TIM7.Prescaler=63
USART1.IPParameters=VirtualMode-Asynchronous
USART1.VirtualMode-Asynchronous=VM_ASYNC
USART2.IPParameters=VirtualMode-Asynchronous
USART2.VirtualMode-Asynchronous=VM_ASYNC
VP_FREERTOS_VS_CMSIS_V2.Mode=CMSIS_V2
VP_FREERTOS_VS_CMSIS_V2.Signal=FREERTOS_VS_CMSIS_V2
VP_SYS_VS_DBSignals.Mode=DisableDeadBatterySignals
VP_SYS_VS_DBSignals.Signal=SYS_VS_DBSignals
VP_SYS_VS_tim6.Mode=TIM6
VP_SYS_VS_tim6.Signal=SYS_VS_tim6
VP_TIM14_VS_ClockSourceINT.Mode=Enable_Timer
VP_TIM14_VS_ClockSourceINT.Signal=TIM14_VS_ClockSourceINT
VP_TIM16_VS_ClockSourceINT.Mode=Enable_Timer
VP_TIM16_VS_ClockSourceINT.Signal=TIM16_VS_ClockSourceINT
VP_TIM17_VS_ClockSourceINT.Mode=Enable_Timer
VP_TIM17_VS_ClockSourceINT.Signal=TIM17_VS_ClockSourceINT
VP_TIM7_VS_ClockSourceINT.Mode=Enable_Timer
VP_TIM7_VS_ClockSourceINT.Signal=TIM7_VS_ClockSourceINT
board=custom
rtos.0.ip=FREERTOS
